
Microsoft Visual Studio Solution File, Format Version 12.00
# Visual Studio Version 17
VisualStudioVersion = 17.0.31808.319
MinimumVisualStudioVersion = 10.0.40219.1
Project("{8BC9CEB8-8B4A-11D0-8D11-00A0C91BC942}") = "EP01", "EP01\EP01.vcxproj", "{A27AAD35-1842-40DD-9AF2-7EE9AF8C8D1B}"
EndProject
Global
	GlobalSection(SolutionConfigurationPlatforms) = preSolution
		Debug|x64 = Debug|x64
		Debug|x86 = Debug|x86
		Release|x64 = Release|x64
		Release|x86 = Release|x86
	EndGlobalSection
	GlobalSection(ProjectConfigurationPlatforms) = postSolution
		{A27AAD35-1842-40DD-9AF2-7EE9AF8C8D1B}.Debug|x64.ActiveCfg = Debug|x64
		{A27AAD35-1842-40DD-9AF2-7EE9AF8C8D1B}.Debug|x64.Build.0 = Debug|x64
		{A27AAD35-1842-40DD-9AF2-7EE9AF8C8D1B}.Debug|x86.ActiveCfg = Debug|Win32
		{A27AAD35-1842-40DD-9AF2-7EE9AF8C8D1B}.Debug|x86.Build.0 = Debug|Win32
		{A27AAD35-1842-40DD-9AF2-7EE9AF8C8D1B}.Release|x64.ActiveCfg = Release|x64
		{A27AAD35-1842-40DD-9AF2-7EE9AF8C8D1B}.Release|x64.Build.0 = Release|x64
		{A27AAD35-1842-40DD-9AF2-7EE9AF8C8D1B}.Release|x86.ActiveCfg = Release|Win32
		{A27AAD35-1842-40DD-9AF2-7EE9AF8C8D1B}.Release|x86.Build.0 = Release|Win32
	EndGlobalSection
	GlobalSection(SolutionProperties) = preSolution
		HideSolutionNode = FALSE
	EndGlobalSection
	GlobalSection(ExtensibilityGlobals) = postSolution
		SolutionGuid = {72C4FB14-C6E4-42CA-A093-1F4B945E4ED3}
	EndGlobalSection
EndGlobal
